
Microsoft Visual Studio Solution File, Format Version 12.00
# Visual Studio 15
VisualStudioVersion = 15.0.27130.2036
MinimumVisualStudioVersion = 10.0.40219.1
Project("{FAE04EC0-301F-11D3-BF4B-00C04F79EFBC}") = "ApiFormatoJSon", "ApiFormatoJSon\ApiFormatoJSon.csproj", "{B5E87452-702D-412B-A4A6-B516BDCF1BAD}"
EndProject
Global
	GlobalSection(SolutionConfigurationPlatforms) = preSolution
		Debug|Any CPU = Debug|Any CPU
		Release|Any CPU = Release|Any CPU
	EndGlobalSection
	GlobalSection(ProjectConfigurationPlatforms) = postSolution
		{B5E87452-702D-412B-A4A6-B516BDCF1BAD}.Debug|Any CPU.ActiveCfg = Debug|Any CPU
		{B5E87452-702D-412B-A4A6-B516BDCF1BAD}.Debug|Any CPU.Build.0 = Debug|Any CPU
		{B5E87452-702D-412B-A4A6-B516BDCF1BAD}.Release|Any CPU.ActiveCfg = Release|Any CPU
		{B5E87452-702D-412B-A4A6-B516BDCF1BAD}.Release|Any CPU.Build.0 = Release|Any CPU
	EndGlobalSection
	GlobalSection(SolutionProperties) = preSolution
		HideSolutionNode = FALSE
	EndGlobalSection
	GlobalSection(ExtensibilityGlobals) = postSolution
		SolutionGuid = {E1B5FC72-EBD5-4AD6-8752-392ACE7EB9F5}
	EndGlobalSection
EndGlobal
